<Solution>
  <Folder Name="/src/">
    <Project Path="src/ActivityManagement.App/ActivityManagement.App.csproj">
      <Platform Project="x64" />
    </Project>
    <Project Path="src/ActivityManagement.Core/ActivityManagement.Core.csproj" />
  </Folder>
  <Folder Name="/tests/">
    <Project Path="tests/ActivityManagement.Tests/ActivityManagement.Tests.csproj" />
  </Folder>
</Solution>
